
Microsoft Visual Studio Solution File, Format Version 12.00
# Visual Studio Version 16
VisualStudioVersion = 16.0.32126.315
MinimumVisualStudioVersion = 10.0.40219.1
Project("{FAE04EC0-301F-11D3-BF4B-00C04F79EFBC}") = "DataAccess", "DataAccess\DataAccess.csproj", "{27FE8B4E-E0B3-4C91-9B64-273B6000E674}"
EndProject
Project("{FAE04EC0-301F-11D3-BF4B-00C04F79EFBC}") = "Entities", "Entities\Entities.csproj", "{8EF1916B-8753-4EAD-84F0-CDD28E3678C3}"
EndProject
Project("{FAE04EC0-301F-11D3-BF4B-00C04F79EFBC}") = "ConsoleUI", "ConsoleUI\ConsoleUI.csproj", "{A43001E8-F798-4074-8A65-BC982015A9E3}"
EndProject
Project("{FAE04EC0-301F-11D3-BF4B-00C04F79EFBC}") = "Business", "Business\Business.csproj", "{1AC59A85-BC96-4AD5-B674-ED697EFA9AAE}"
EndProject
Global
	GlobalSection(SolutionConfigurationPlatforms) = preSolution
		Debug|Any CPU = Debug|Any CPU
		Release|Any CPU = Release|Any CPU
	EndGlobalSection
	GlobalSection(ProjectConfigurationPlatforms) = postSolution
		{27FE8B4E-E0B3-4C91-9B64-273B6000E674}.Debug|Any CPU.ActiveCfg = Debug|Any CPU
		{27FE8B4E-E0B3-4C91-9B64-273B6000E674}.Debug|Any CPU.Build.0 = Debug|Any CPU
		{27FE8B4E-E0B3-4C91-9B64-273B6000E674}.Release|Any CPU.ActiveCfg = Release|Any CPU
		{27FE8B4E-E0B3-4C91-9B64-273B6000E674}.Release|Any CPU.Build.0 = Release|Any CPU
		{8EF1916B-8753-4EAD-84F0-CDD28E3678C3}.Debug|Any CPU.ActiveCfg = Debug|Any CPU
		{8EF1916B-8753-4EAD-84F0-CDD28E3678C3}.Debug|Any CPU.Build.0 = Debug|Any CPU
		{8EF1916B-8753-4EAD-84F0-CDD28E3678C3}.Release|Any CPU.ActiveCfg = Release|Any CPU
		{8EF1916B-8753-4EAD-84F0-CDD28E3678C3}.Release|Any CPU.Build.0 = Release|Any CPU
		{A43001E8-F798-4074-8A65-BC982015A9E3}.Debug|Any CPU.ActiveCfg = Debug|Any CPU
		{A43001E8-F798-4074-8A65-BC982015A9E3}.Debug|Any CPU.Build.0 = Debug|Any CPU
		{A43001E8-F798-4074-8A65-BC982015A9E3}.Release|Any CPU.ActiveCfg = Release|Any CPU
		{A43001E8-F798-4074-8A65-BC982015A9E3}.Release|Any CPU.Build.0 = Release|Any CPU
		{1AC59A85-BC96-4AD5-B674-ED697EFA9AAE}.Debug|Any CPU.ActiveCfg = Debug|Any CPU
		{1AC59A85-BC96-4AD5-B674-ED697EFA9AAE}.Debug|Any CPU.Build.0 = Debug|Any CPU
		{1AC59A85-BC96-4AD5-B674-ED697EFA9AAE}.Release|Any CPU.ActiveCfg = Release|Any CPU
		{1AC59A85-BC96-4AD5-B674-ED697EFA9AAE}.Release|Any CPU.Build.0 = Release|Any CPU
	EndGlobalSection
	GlobalSection(SolutionProperties) = preSolution
		HideSolutionNode = FALSE
	EndGlobalSection
	GlobalSection(ExtensibilityGlobals) = postSolution
		SolutionGuid = {1CED5B66-EE5A-47E5-9930-108A17203D96}
	EndGlobalSection
EndGlobal
